apiVersion: vendir.k14s.io/v1alpha1
directories:
- contents:
  - git:
      commitTitle: use global image registry...
      sha: 9fe8a80ec8e33a903df799a54416fcbe728eaec0
      tags:
      - stable-2.10.1-2935-g9fe8a80ec
    path: linkerd
  path: vendor
- contents:
  - directory: {}
    path: .
  path: helm/linkerd-multicluster/templates
- contents:
  - directory: {}
    path: .
  path: helm/linkerd-multicluster/charts/partials
kind: LockConfig
